// !$*UTF8*$!
{
	archiveVersion = 1;
	classes = {
	};
	objectVersion = 46;
	objects = {

/* Begin PBXBuildFile section */
		A8D572591CC2698C0065C460 /* OTMTabBarController.swift in Sources */ = {isa = PBXBuildFile; fileRef = A8D572581CC2698C0065C460 /* OTMTabBarController.swift */; };
		A8D5725B1CC273D20065C460 /* ParseClient.swift in Sources */ = {isa = PBXBuildFile; fileRef = A8D5725A1CC273D20065C460 /* ParseClient.swift */; };
		A8D5725D1CC2B7790065C460 /* StudentLocations.swift in Sources */ = {isa = PBXBuildFile; fileRef = A8D5725C1CC2B7790065C460 /* StudentLocations.swift */; };
		A8D5725F1CCA33340065C460 /* StudentLocation.swift in Sources */ = {isa = PBXBuildFile; fileRef = A8D5725E1CCA33340065C460 /* StudentLocation.swift */; };
		A8D572611CCFEC930065C460 /* InfoPostingViewController.swift in Sources */ = {isa = PBXBuildFile; fileRef = A8D572601CCFEC930065C460 /* InfoPostingViewController.swift */; };
		A8D572631CD621E20065C460 /* NavigationController.swift in Sources */ = {isa = PBXBuildFile; fileRef = A8D572621CD621E10065C460 /* NavigationController.swift */; };
		A8DE86B01CB91F49002BDD7A /* AppDelegate.swift in Sources */ = {isa = PBXBuildFile; fileRef = A8DE86AF1CB91F49002BDD7A /* AppDelegate.swift */; };
		A8DE86B21CB91F49002BDD7A /* MapViewController.swift in Sources */ = {isa = PBXBuildFile; fileRef = A8DE86B11CB91F49002BDD7A /* MapViewController.swift */; };
		A8DE86B41CB91F49002BDD7A /* TableViewController.swift in Sources */ = {isa = PBXBuildFile; fileRef = A8DE86B31CB91F49002BDD7A /* TableViewController.swift */; };
		A8DE86B71CB91F49002BDD7A /* Main.storyboard in Resources */ = {isa = PBXBuildFile; fileRef = A8DE86B51CB91F49002BDD7A /* Main.storyboard */; };
		A8DE86B91CB91F49002BDD7A /* Assets.xcassets in Resources */ = {isa = PBXBuildFile; fileRef = A8DE86B81CB91F49002BDD7A /* Assets.xcassets */; };
		A8DE86BC1CB91F49002BDD7A /* LaunchScreen.storyboard in Resources */ = {isa = PBXBuildFile; fileRef = A8DE86BA1CB91F49002BDD7A /* LaunchScreen.storyboard */; };
		A8DE86C71CB91F49002BDD7A /* OnTheMapTests.swift in Sources */ = {isa = PBXBuildFile; fileRef = A8DE86C61CB91F49002BDD7A /* OnTheMapTests.swift */; };
		A8DE86D21CB91F49002BDD7A /* OnTheMapUITests.swift in Sources */ = {isa = PBXBuildFile; fileRef = A8DE86D11CB91F49002BDD7A /* OnTheMapUITests.swift */; };
		A8DE86E41CB93762002BDD7A /* BorderedButton.swift in Sources */ = {isa = PBXBuildFile; fileRef = A8DE86E31CB93762002BDD7A /* BorderedButton.swift */; };
		A8DE86E61CB93854002BDD7A /* LoginViewController.swift in Sources */ = {isa = PBXBuildFile; fileRef = A8DE86E51CB93854002BDD7A /* LoginViewController.swift */; };
		A8DE86EA1CB93B71002BDD7A /* Constants.swift in Sources */ = {isa = PBXBuildFile; fileRef = A8DE86E91CB93B71002BDD7A /* Constants.swift */; };
		A8DE86EC1CB93BE0002BDD7A /* GCDBlackBox.swift in Sources */ = {isa = PBXBuildFile; fileRef = A8DE86EB1CB93BE0002BDD7A /* GCDBlackBox.swift */; };
		A8DE86EE1CB94F75002BDD7A /* UdacityClient.swift in Sources */ = {isa = PBXBuildFile; fileRef = A8DE86ED1CB94F75002BDD7A /* UdacityClient.swift */; };
		A8DE86F11CB95859002BDD7A /* ClientMethods.swift in Sources */ = {isa = PBXBuildFile; fileRef = A8DE86F01CB95859002BDD7A /* ClientMethods.swift */; };
/* End PBXBuildFile section */

/* Begin PBXContainerItemProxy section */
		A8DE86C31CB91F49002BDD7A /* PBXContainerItemProxy */ = {
			isa = PBXContainerItemProxy;
			containerPortal = A8DE86A41CB91F49002BDD7A /* Project object */;
			proxyType = 1;
			remoteGlobalIDString = A8DE86AB1CB91F49002BDD7A;
			remoteInfo = OnTheMap;
		};
		A8DE86CE1CB91F49002BDD7A /* PBXContainerItemProxy */ = {
			isa = PBXContainerItemProxy;
			containerPortal = A8DE86A41CB91F49002BDD7A /* Project object */;
			proxyType = 1;
			remoteGlobalIDString = A8DE86AB1CB91F49002BDD7A;
			remoteInfo = OnTheMap;
		};
/* End PBXContainerItemProxy section */

/* Begin PBXFileReference section */
		A8D572581CC2698C0065C460 /* OTMTabBarController.swift */ = {isa = PBXFileReference; fileEncoding = 4; lastKnownFileType = sourcecode.swift; path = OTMTabBarController.swift; sourceTree = "<group>"; };
		A8D5725A1CC273D20065C460 /* ParseClient.swift */ = {isa = PBXFileReference; fileEncoding = 4; lastKnownFileType = sourcecode.swift; path = ParseClient.swift; sourceTree = "<group>"; };
		A8D5725C1CC2B7790065C460 /* StudentLocations.swift */ = {isa = PBXFileReference; fileEncoding = 4; lastKnownFileType = sourcecode.swift; path = StudentLocations.swift; sourceTree = "<group>"; };
		A8D5725E1CCA33340065C460 /* StudentLocation.swift */ = {isa = PBXFileReference; fileEncoding = 4; lastKnownFileType = sourcecode.swift; path = StudentLocation.swift; sourceTree = "<group>"; };
		A8D572601CCFEC930065C460 /* InfoPostingViewController.swift */ = {isa = PBXFileReference; fileEncoding = 4; lastKnownFileType = sourcecode.swift; path = InfoPostingViewController.swift; sourceTree = "<group>"; };
		A8D572621CD621E10065C460 /* NavigationController.swift */ = {isa = PBXFileReference; fileEncoding = 4; lastKnownFileType = sourcecode.swift; path = NavigationController.swift; sourceTree = "<group>"; };
		A8DE86AC1CB91F49002BDD7A /* OnTheMap.app */ = {isa = PBXFileReference; explicitFileType = wrapper.application; includeInIndex = 0; path = OnTheMap.app; sourceTree = BUILT_PRODUCTS_DIR; };
		A8DE86AF1CB91F49002BDD7A /* AppDelegate.swift */ = {isa = PBXFileReference; lastKnownFileType = sourcecode.swift; path = AppDelegate.swift; sourceTree = "<group>"; };
		A8DE86B11CB91F49002BDD7A /* MapViewController.swift */ = {isa = PBXFileReference; lastKnownFileType = sourcecode.swift; name = MapViewController.swift; path = OnTheMap/MapViewController.swift; sourceTree = "<group>"; };
		A8DE86B31CB91F49002BDD7A /* TableViewController.swift */ = {isa = PBXFileReference; lastKnownFileType = sourcecode.swift; name = TableViewController.swift; path = OnTheMap/TableViewController.swift; sourceTree = "<group>"; };
		A8DE86B61CB91F49002BDD7A /* Base */ = {isa = PBXFileReference; lastKnownFileType = file.storyboard; name = Base; path = Base.lproj/Main.storyboard; sourceTree = "<group>"; };
		A8DE86B81CB91F49002BDD7A /* Assets.xcassets */ = {isa = PBXFileReference; lastKnownFileType = folder.assetcatalog; path = Assets.xcassets; sourceTree = "<group>"; };
		A8DE86BB1CB91F49002BDD7A /* Base */ = {isa = PBXFileReference; lastKnownFileType = file.storyboard; name = Base; path = Base.lproj/LaunchScreen.storyboard; sourceTree = "<group>"; };
		A8DE86BD1CB91F49002BDD7A /* Info.plist */ = {isa = PBXFileReference; lastKnownFileType = text.plist.xml; path = Info.plist; sourceTree = "<group>"; };
		A8DE86C21CB91F49002BDD7A /* OnTheMapTests.xctest */ = {isa = PBXFileReference; explicitFileType = wrapper.cfbundle; includeInIndex = 0; path = OnTheMapTests.xctest; sourceTree = BUILT_PRODUCTS_DIR; };
		A8DE86C61CB91F49002BDD7A /* OnTheMapTests.swift */ = {isa = PBXFileReference; lastKnownFileType = sourcecode.swift; path = OnTheMapTests.swift; sourceTree = "<group>"; };
		A8DE86C81CB91F49002BDD7A /* Info.plist */ = {isa = PBXFileReference; lastKnownFileType = text.plist.xml; path = Info.plist; sourceTree = "<group>"; };
		A8DE86CD1CB91F49002BDD7A /* OnTheMapUITests.xctest */ = {isa = PBXFileReference; explicitFileType = wrapper.cfbundle; includeInIndex = 0; path = OnTheMapUITests.xctest; sourceTree = BUILT_PRODUCTS_DIR; };
		A8DE86D11CB91F49002BDD7A /* OnTheMapUITests.swift */ = {isa = PBXFileReference; lastKnownFileType = sourcecode.swift; path = OnTheMapUITests.swift; sourceTree = "<group>"; };
		A8DE86D31CB91F49002BDD7A /* Info.plist */ = {isa = PBXFileReference; lastKnownFileType = text.plist.xml; path = Info.plist; sourceTree = "<group>"; };
		A8DE86E31CB93762002BDD7A /* BorderedButton.swift */ = {isa = PBXFileReference; fileEncoding = 4; lastKnownFileType = sourcecode.swift; path = BorderedButton.swift; sourceTree = "<group>"; };
		A8DE86E51CB93854002BDD7A /* LoginViewController.swift */ = {isa = PBXFileReference; fileEncoding = 4; lastKnownFileType = sourcecode.swift; path = LoginViewController.swift; sourceTree = "<group>"; };
		A8DE86E91CB93B71002BDD7A /* Constants.swift */ = {isa = PBXFileReference; fileEncoding = 4; lastKnownFileType = sourcecode.swift; path = Constants.swift; sourceTree = "<group>"; };
		A8DE86EB1CB93BE0002BDD7A /* GCDBlackBox.swift */ = {isa = PBXFileReference; fileEncoding = 4; lastKnownFileType = sourcecode.swift; path = GCDBlackBox.swift; sourceTree = "<group>"; };
		A8DE86ED1CB94F75002BDD7A /* UdacityClient.swift */ = {isa = PBXFileReference; fileEncoding = 4; lastKnownFileType = sourcecode.swift; path = UdacityClient.swift; sourceTree = "<group>"; };
		A8DE86F01CB95859002BDD7A /* ClientMethods.swift */ = {isa = PBXFileReference; fileEncoding = 4; lastKnownFileType = sourcecode.swift; path = ClientMethods.swift; sourceTree = "<group>"; };
/* End PBXFileReference section */

/* Begin PBXFrameworksBuildPhase section */
		A8DE86A91CB91F49002BDD7A /* Frameworks */ = {
			isa = PBXFrameworksBuildPhase;
			buildActionMask = 2147483647;
			files = (
			);
			runOnlyForDeploymentPostprocessing = 0;
		};
		A8DE86BF1CB91F49002BDD7A /* Frameworks */ = {
			isa = PBXFrameworksBuildPhase;
			buildActionMask = 2147483647;
			files = (
			);
			runOnlyForDeploymentPostprocessing = 0;
		};
		A8DE86CA1CB91F49002BDD7A /* Frameworks */ = {
			isa = PBXFrameworksBuildPhase;
			buildActionMask = 2147483647;
			files = (
			);
			runOnlyForDeploymentPostprocessing = 0;
		};
/* End PBXFrameworksBuildPhase section */

/* Begin PBXGroup section */
		A8DE86A31CB91F49002BDD7A = {
			isa = PBXGroup;
			children = (
				A8DE86E21CB92051002BDD7A /* Model */,
				A8DE86E11CB9203B002BDD7A /* View */,
				A8DE86DF1CB92000002BDD7A /* Controller */,
				A8DE86AE1CB91F49002BDD7A /* OnTheMap */,
				A8DE86C51CB91F49002BDD7A /* OnTheMapTests */,
				A8DE86D01CB91F49002BDD7A /* OnTheMapUITests */,
				A8DE86AD1CB91F49002BDD7A /* Products */,
			);
			sourceTree = "<group>";
		};
		A8DE86AD1CB91F49002BDD7A /* Products */ = {
			isa = PBXGroup;
			children = (
				A8DE86AC1CB91F49002BDD7A /* OnTheMap.app */,
				A8DE86C21CB91F49002BDD7A /* OnTheMapTests.xctest */,
				A8DE86CD1CB91F49002BDD7A /* OnTheMapUITests.xctest */,
			);
			name = Products;
			sourceTree = "<group>";
		};
		A8DE86AE1CB91F49002BDD7A /* OnTheMap */ = {
			isa = PBXGroup;
			children = (
				A8DE86AF1CB91F49002BDD7A /* AppDelegate.swift */,
				A8DE86B81CB91F49002BDD7A /* Assets.xcassets */,
				A8DE86BA1CB91F49002BDD7A /* LaunchScreen.storyboard */,
				A8DE86BD1CB91F49002BDD7A /* Info.plist */,
			);
			path = OnTheMap;
			sourceTree = "<group>";
		};
		A8DE86C51CB91F49002BDD7A /* OnTheMapTests */ = {
			isa = PBXGroup;
			children = (
				A8DE86C61CB91F49002BDD7A /* OnTheMapTests.swift */,
				A8DE86C81CB91F49002BDD7A /* Info.plist */,
			);
			path = OnTheMapTests;
			sourceTree = "<group>";
		};
		A8DE86D01CB91F49002BDD7A /* OnTheMapUITests */ = {
			isa = PBXGroup;
			children = (
				A8DE86D11CB91F49002BDD7A /* OnTheMapUITests.swift */,
				A8DE86D31CB91F49002BDD7A /* Info.plist */,
			);
			path = OnTheMapUITests;
			sourceTree = "<group>";
		};
		A8DE86DF1CB92000002BDD7A /* Controller */ = {
			isa = PBXGroup;
			children = (
				A8DE86B11CB91F49002BDD7A /* MapViewController.swift */,
				A8DE86B31CB91F49002BDD7A /* TableViewController.swift */,
				A8DE86B51CB91F49002BDD7A /* Main.storyboard */,
				A8D572601CCFEC930065C460 /* InfoPostingViewController.swift */,
				A8DE86E51CB93854002BDD7A /* LoginViewController.swift */,
				A8D572581CC2698C0065C460 /* OTMTabBarController.swift */,
				A8D572621CD621E10065C460 /* NavigationController.swift */,
			);
			name = Controller;
			sourceTree = "<group>";
		};
		A8DE86E11CB9203B002BDD7A /* View */ = {
			isa = PBXGroup;
			children = (
				A8DE86E31CB93762002BDD7A /* BorderedButton.swift */,
			);
			name = View;
			sourceTree = "<group>";
		};
		A8DE86E21CB92051002BDD7A /* Model */ = {
			isa = PBXGroup;
			children = (
				A8DE86E71CB93B32002BDD7A /* Clients */,
			);
			name = Model;
			sourceTree = "<group>";
		};
		A8DE86E71CB93B32002BDD7A /* Clients */ = {
			isa = PBXGroup;
			children = (
				A8DE86E81CB93B5B002BDD7A /* OTM */,
			);
			name = Clients;
			sourceTree = "<group>";
		};
		A8DE86E81CB93B5B002BDD7A /* OTM */ = {
			isa = PBXGroup;
			children = (
				A8DE86E91CB93B71002BDD7A /* Constants.swift */,
				A8DE86EB1CB93BE0002BDD7A /* GCDBlackBox.swift */,
				A8DE86ED1CB94F75002BDD7A /* UdacityClient.swift */,
				A8D5725A1CC273D20065C460 /* ParseClient.swift */,
				A8D5725C1CC2B7790065C460 /* StudentLocations.swift */,
				A8D5725E1CCA33340065C460 /* StudentLocation.swift */,
				A8DE86F01CB95859002BDD7A /* ClientMethods.swift */,
			);
			name = OTM;
			sourceTree = "<group>";
		};
/* End PBXGroup section */

/* Begin PBXNativeTarget section */
		A8DE86AB1CB91F49002BDD7A /* OnTheMap */ = {
			isa = PBXNativeTarget;
			buildConfigurationList = A8DE86D61CB91F49002BDD7A /* Build configuration list for PBXNativeTarget "OnTheMap" */;
			buildPhases = (
				A8DE86A81CB91F49002BDD7A /* Sources */,
				A8DE86A91CB91F49002BDD7A /* Frameworks */,
				A8DE86AA1CB91F49002BDD7A /* Resources */,
			);
			buildRules = (
			);
			dependencies = (
			);
			name = OnTheMap;
			productName = OnTheMap;
			productReference = A8DE86AC1CB91F49002BDD7A /* OnTheMap.app */;
			productType = "com.apple.product-type.application";
		};
		A8DE86C11CB91F49002BDD7A /* OnTheMapTests */ = {
			isa = PBXNativeTarget;
			buildConfigurationList = A8DE86D91CB91F49002BDD7A /* Build configuration list for PBXNativeTarget "OnTheMapTests" */;
			buildPhases = (
				A8DE86BE1CB91F49002BDD7A /* Sources */,
				A8DE86BF1CB91F49002BDD7A /* Frameworks */,
				A8DE86C01CB91F49002BDD7A /* Resources */,
			);
			buildRules = (
			);
			dependencies = (
				A8DE86C41CB91F49002BDD7A /* PBXTargetDependency */,
			);
			name = OnTheMapTests;
			productName = OnTheMapTests;
			productReference = A8DE86C21CB91F49002BDD7A /* OnTheMapTests.xctest */;
			productType = "com.apple.product-type.bundle.unit-test";
		};
		A8DE86CC1CB91F49002BDD7A /* OnTheMapUITests */ = {
			isa = PBXNativeTarget;
			buildConfigurationList = A8DE86DC1CB91F49002BDD7A /* Build configuration list for PBXNativeTarget "OnTheMapUITests" */;
			buildPhases = (
				A8DE86C91CB91F49002BDD7A /* Sources */,
				A8DE86CA1CB91F49002BDD7A /* Frameworks */,
				A8DE86CB1CB91F49002BDD7A /* Resources */,
			);
			buildRules = (
			);
			dependencies = (
				A8DE86CF1CB91F49002BDD7A /* PBXTargetDependency */,
			);
			name = OnTheMapUITests;
			productName = OnTheMapUITests;
			productReference = A8DE86CD1CB91F49002BDD7A /* OnTheMapUITests.xctest */;
			productType = "com.apple.product-type.bundle.ui-testing";
		};
/* End PBXNativeTarget section */

/* Begin PBXProject section */
		A8DE86A41CB91F49002BDD7A /* Project object */ = {
			isa = PBXProject;
			attributes = {
				LastSwiftUpdateCheck = 0720;
				LastUpgradeCheck = 0720;
				ORGANIZATIONNAME = "Robert Coffey";
				TargetAttributes = {
					A8DE86AB1CB91F49002BDD7A = {
						CreatedOnToolsVersion = 7.2.1;
						DevelopmentTeam = DB335PX644;
					};
					A8DE86C11CB91F49002BDD7A = {
						CreatedOnToolsVersion = 7.2.1;
						DevelopmentTeam = DB335PX644;
						TestTargetID = A8DE86AB1CB91F49002BDD7A;
					};
					A8DE86CC1CB91F49002BDD7A = {
						CreatedOnToolsVersion = 7.2.1;
						DevelopmentTeam = DB335PX644;
						TestTargetID = A8DE86AB1CB91F49002BDD7A;
					};
				};
			};
			buildConfigurationList = A8DE86A71CB91F49002BDD7A /* Build configuration list for PBXProject "OnTheMap" */;
			compatibilityVersion = "Xcode 3.2";
			developmentRegion = English;
			hasScannedForEncodings = 0;
			knownRegions = (
				en,
				Base,
			);
			mainGroup = A8DE86A31CB91F49002BDD7A;
			productRefGroup = A8DE86AD1CB91F49002BDD7A /* Products */;
			projectDirPath = "";
			projectRoot = "";
			targets = (
				A8DE86AB1CB91F49002BDD7A /* OnTheMap */,
				A8DE86C11CB91F49002BDD7A /* OnTheMapTests */,
				A8DE86CC1CB91F49002BDD7A /* OnTheMapUITests */,
			);
		};
/* End PBXProject section */

/* Begin PBXResourcesBuildPhase section */
		A8DE86AA1CB91F49002BDD7A /* Resources */ = {
			isa = PBXResourcesBuildPhase;
			buildActionMask = 2147483647;
			files = (
				A8DE86BC1CB91F49002BDD7A /* LaunchScreen.storyboard in Resources */,
				A8DE86B91CB91F49002BDD7A /* Assets.xcassets in Resources */,
				A8DE86B71CB91F49002BDD7A /* Main.storyboard in Resources */,
			);
			runOnlyForDeploymentPostprocessing = 0;
		};
		A8DE86C01CB91F49002BDD7A /* Resources */ = {
			isa = PBXResourcesBuildPhase;
			buildActionMask = 2147483647;
			files = (
			);
			runOnlyForDeploymentPostprocessing = 0;
		};
		A8DE86CB1CB91F49002BDD7A /* Resources */ = {
			isa = PBXResourcesBuildPhase;
			buildActionMask = 2147483647;
			files = (
			);
			runOnlyForDeploymentPostprocessing = 0;
		};
/* End PBXResourcesBuildPhase section */

/* Begin PBXSourcesBuildPhase section */
		A8DE86A81CB91F49002BDD7A /* Sources */ = {
			isa = PBXSourcesBuildPhase;
			buildActionMask = 2147483647;
			files = (
				A8DE86B41CB91F49002BDD7A /* TableViewController.swift in Sources */,
				A8D5725F1CCA33340065C460 /* StudentLocation.swift in Sources */,
				A8DE86B01CB91F49002BDD7A /* AppDelegate.swift in Sources */,
				A8DE86E41CB93762002BDD7A /* BorderedButton.swift in Sources */,
				A8D572611CCFEC930065C460 /* InfoPostingViewController.swift in Sources */,
				A8DE86E61CB93854002BDD7A /* LoginViewController.swift in Sources */,
				A8DE86B21CB91F49002BDD7A /* MapViewController.swift in Sources */,
				A8D572631CD621E20065C460 /* NavigationController.swift in Sources */,
				A8D572591CC2698C0065C460 /* OTMTabBarController.swift in Sources */,
				A8DE86EA1CB93B71002BDD7A /* Constants.swift in Sources */,
				A8DE86EE1CB94F75002BDD7A /* UdacityClient.swift in Sources */,
				A8DE86F11CB95859002BDD7A /* ClientMethods.swift in Sources */,
				A8DE86EC1CB93BE0002BDD7A /* GCDBlackBox.swift in Sources */,
				A8D5725B1CC273D20065C460 /* ParseClient.swift in Sources */,
				A8D5725D1CC2B7790065C460 /* StudentLocations.swift in Sources */,
			);
			runOnlyForDeploymentPostprocessing = 0;
		};
		A8DE86BE1CB91F49002BDD7A /* Sources */ = {
			isa = PBXSourcesBuildPhase;
			buildActionMask = 2147483647;
			files = (
				A8DE86C71CB91F49002BDD7A /* OnTheMapTests.swift in Sources */,
			);
			runOnlyForDeploymentPostprocessing = 0;
		};
		A8DE86C91CB91F49002BDD7A /* Sources */ = {
			isa = PBXSourcesBuildPhase;
			buildActionMask = 2147483647;
			files = (
				A8DE86D21CB91F49002BDD7A /* OnTheMapUITests.swift in Sources */,
			);
			runOnlyForDeploymentPostprocessing = 0;
		};
/* End PBXSourcesBuildPhase section */

/* Begin PBXTargetDependency section */
		A8DE86C41CB91F49002BDD7A /* PBXTargetDependency */ = {
			isa = PBXTargetDependency;
			target = A8DE86AB1CB91F49002BDD7A /* OnTheMap */;
			targetProxy = A8DE86C31CB91F49002BDD7A /* PBXContainerItemProxy */;
		};
		A8DE86CF1CB91F49002BDD7A /* PBXTargetDependency */ = {
			isa = PBXTargetDependency;
			target = A8DE86AB1CB91F49002BDD7A /* OnTheMap */;
			targetProxy = A8DE86CE1CB91F49002BDD7A /* PBXContainerItemProxy */;
		};
/* End PBXTargetDependency section */

/* Begin PBXVariantGroup section */
		A8DE86B51CB91F49002BDD7A /* Main.storyboard */ = {
			isa = PBXVariantGroup;
			children = (
				A8DE86B61CB91F49002BDD7A /* Base */,
			);
			name = Main.storyboard;
			path = OnTheMap;
			sourceTree = "<group>";
		};
		A8DE86BA1CB91F49002BDD7A /* LaunchScreen.storyboard */ = {
			isa = PBXVariantGroup;
			children = (
				A8DE86BB1CB91F49002BDD7A /* Base */,
			);
			name = LaunchScreen.storyboard;
			sourceTree = "<group>";
		};
/* End PBXVariantGroup section */

/* Begin XCBuildConfiguration section */
		A8DE86D41CB91F49002BDD7A /* Debug */ = {
			isa = XCBuildConfiguration;
			buildSettings = {
				ALWAYS_SEARCH_USER_PATHS = NO;
				CLANG_CXX_LANGUAGE_STANDARD = "gnu++0x";
				CLANG_CXX_LIBRARY = "libc++";
				CLANG_ENABLE_MODULES = YES;
				CLANG_ENABLE_OBJC_ARC = YES;
				CLANG_WARN_BOOL_CONVERSION = YES;
				CLANG_WARN_CONSTANT_CONVERSION = YES;
				CLANG_WARN_DIRECT_OBJC_ISA_USAGE = YES_ERROR;
				CLANG_WARN_EMPTY_BODY = YES;
				CLANG_WARN_ENUM_CONVERSION = YES;
				CLANG_WARN_INT_CONVERSION = YES;
				CLANG_WARN_OBJC_ROOT_CLASS = YES_ERROR;
				CLANG_WARN_UNREACHABLE_CODE = YES;
				CLANG_WARN__DUPLICATE_METHOD_MATCH = YES;
				"CODE_SIGN_IDENTITY[sdk=iphoneos*]" = "iPhone Developer";
				COPY_PHASE_STRIP = NO;
				DEBUG_INFORMATION_FORMAT = dwarf;
				ENABLE_STRICT_OBJC_MSGSEND = YES;
				ENABLE_TESTABILITY = YES;
				GCC_C_LANGUAGE_STANDARD = gnu99;
				GCC_DYNAMIC_NO_PIC = NO;
				GCC_NO_COMMON_BLOCKS = YES;
				GCC_OPTIMIZATION_LEVEL = 0;
				GCC_PREPROCESSOR_DEFINITIONS = (
					"DEBUG=1",
					"$(inherited)",
				);
				GCC_WARN_64_TO_32_BIT_CONVERSION = YES;
				GCC_WARN_ABOUT_RETURN_TYPE = YES_ERROR;
				GCC_WARN_UNDECLARED_SELECTOR = YES;
				GCC_WARN_UNINITIALIZED_AUTOS = YES_AGGRESSIVE;
				GCC_WARN_UNUSED_FUNCTION = YES;
				GCC_WARN_UNUSED_VARIABLE = YES;
				IPHONEOS_DEPLOYMENT_TARGET = 9.2;
				MTL_ENABLE_DEBUG_INFO = YES;
				ONLY_ACTIVE_ARCH = YES;
				SDKROOT = iphoneos;
				SWIFT_OPTIMIZATION_LEVEL = "-Onone";
				TARGETED_DEVICE_FAMILY = "1,2";
			};
			name = Debug;
		};
		A8DE86D51CB91F49002BDD7A /* Release */ = {
			isa = XCBuildConfiguration;
			buildSettings = {
				ALWAYS_SEARCH_USER_PATHS = NO;
				CLANG_CXX_LANGUAGE_STANDARD = "gnu++0x";
				CLANG_CXX_LIBRARY = "libc++";
				CLANG_ENABLE_MODULES = YES;
				CLANG_ENABLE_OBJC_ARC = YES;
				CLANG_WARN_BOOL_CONVERSION = YES;
				CLANG_WARN_CONSTANT_CONVERSION = YES;
				CLANG_WARN_DIRECT_OBJC_ISA_USAGE = YES_ERROR;
				CLANG_WARN_EMPTY_BODY = YES;
				CLANG_WARN_ENUM_CONVERSION = YES;
				CLANG_WARN_INT_CONVERSION = YES;
				CLANG_WARN_OBJC_ROOT_CLASS = YES_ERROR;
				CLANG_WARN_UNREACHABLE_CODE = YES;
				CLANG_WARN__DUPLICATE_METHOD_MATCH = YES;
				"CODE_SIGN_IDENTITY[sdk=iphoneos*]" = "iPhone Developer";
				COPY_PHASE_STRIP = NO;
				DEBUG_INFORMATION_FORMAT = "dwarf-with-dsym";
				ENABLE_NS_ASSERTIONS = NO;
				ENABLE_STRICT_OBJC_MSGSEND = YES;
				GCC_C_LANGUAGE_STANDARD = gnu99;
				GCC_NO_COMMON_BLOCKS = YES;
				GCC_WARN_64_TO_32_BIT_CONVERSION = YES;
				GCC_WARN_ABOUT_RETURN_TYPE = YES_ERROR;
				GCC_WARN_UNDECLARED_SELECTOR = YES;
				GCC_WARN_UNINITIALIZED_AUTOS = YES_AGGRESSIVE;
				GCC_WARN_UNUSED_FUNCTION = YES;
				GCC_WARN_UNUSED_VARIABLE = YES;
				IPHONEOS_DEPLOYMENT_TARGET = 9.2;
				MTL_ENABLE_DEBUG_INFO = NO;
				SDKROOT = iphoneos;
				TARGETED_DEVICE_FAMILY = "1,2";
				VALIDATE_PRODUCT = YES;
			};
			name = Release;
		};
		A8DE86D71CB91F49002BDD7A /* Debug */ = {
			isa = XCBuildConfiguration;
			buildSettings = {
				ASSETCATALOG_COMPILER_APPICON_NAME = AppIcon;
				INFOPLIST_FILE = OnTheMap/Info.plist;
				IPHONEOS_DEPLOYMENT_TARGET = 9.2;
				LD_RUNPATH_SEARCH_PATHS = "$(inherited) @executable_path/Frameworks";
				PRODUCT_BUNDLE_IDENTIFIER = Udacity.OnTheMap;
				PRODUCT_NAME = "$(TARGET_NAME)";
				TARGETED_DEVICE_FAMILY = 1;
			};
			name = Debug;
		};
		A8DE86D81CB91F49002BDD7A /* Release */ = {
			isa = XCBuildConfiguration;
			buildSettings = {
				ASSETCATALOG_COMPILER_APPICON_NAME = AppIcon;
				INFOPLIST_FILE = OnTheMap/Info.plist;
				IPHONEOS_DEPLOYMENT_TARGET = 9.2;
				LD_RUNPATH_SEARCH_PATHS = "$(inherited) @executable_path/Frameworks";
				PRODUCT_BUNDLE_IDENTIFIER = Udacity.OnTheMap;
				PRODUCT_NAME = "$(TARGET_NAME)";
				TARGETED_DEVICE_FAMILY = 1;
			};
			name = Release;
		};
		A8DE86DA1CB91F49002BDD7A /* Debug */ = {
			isa = XCBuildConfiguration;
			buildSettings = {
				BUNDLE_LOADER = "$(TEST_HOST)";
				INFOPLIST_FILE = OnTheMapTests/Info.plist;
				LD_RUNPATH_SEARCH_PATHS = "$(inherited) @executable_path/Frameworks @loader_path/Frameworks";
				PRODUCT_BUNDLE_IDENTIFIER = Udacity.OnTheMapTests;
				PRODUCT_NAME = "$(TARGET_NAME)";
				TEST_HOST = "$(BUILT_PRODUCTS_DIR)/OnTheMap.app/OnTheMap";
			};
			name = Debug;
		};
		A8DE86DB1CB91F49002BDD7A /* Release */ = {
			isa = XCBuildConfiguration;
			buildSettings = {
				BUNDLE_LOADER = "$(TEST_HOST)";
				INFOPLIST_FILE = OnTheMapTests/Info.plist;
				LD_RUNPATH_SEARCH_PATHS = "$(inherited) @executable_path/Frameworks @loader_path/Frameworks";
				PRODUCT_BUNDLE_IDENTIFIER = Udacity.OnTheMapTests;
				PRODUCT_NAME = "$(TARGET_NAME)";
				TEST_HOST = "$(BUILT_PRODUCTS_DIR)/OnTheMap.app/OnTheMap";
			};
			name = Release;
		};
		A8DE86DD1CB91F49002BDD7A /* Debug */ = {
			isa = XCBuildConfiguration;
			buildSettings = {
				INFOPLIST_FILE = OnTheMapUITests/Info.plist;
				LD_RUNPATH_SEARCH_PATHS = "$(inherited) @executable_path/Frameworks @loader_path/Frameworks";
				PRODUCT_BUNDLE_IDENTIFIER = Udacity.OnTheMapUITests;
				PRODUCT_NAME = "$(TARGET_NAME)";
				TEST_TARGET_NAME = OnTheMap;
				USES_XCTRUNNER = YES;
			};
			name = Debug;
		};
		A8DE86DE1CB91F49002BDD7A /* Release */ = {
			isa = XCBuildConfiguration;
			buildSettings = {
				INFOPLIST_FILE = OnTheMapUITests/Info.plist;
				LD_RUNPATH_SEARCH_PATHS = "$(inherited) @executable_path/Frameworks @loader_path/Frameworks";
				PRODUCT_BUNDLE_IDENTIFIER = Udacity.OnTheMapUITests;
				PRODUCT_NAME = "$(TARGET_NAME)";
				TEST_TARGET_NAME = OnTheMap;
				USES_XCTRUNNER = YES;
			};
			name = Release;
		};
/* End XCBuildConfiguration section */

/* Begin XCConfigurationList section */
		A8DE86A71CB91F49002BDD7A /* Build configuration list for PBXProject "OnTheMap" */ = {
			isa = XCConfigurationList;
			buildConfigurations = (
				A8DE86D41CB91F49002BDD7A /* Debug */,
				A8DE86D51CB91F49002BDD7A /* Release */,
			);
			defaultConfigurationIsVisible = 0;
			defaultConfigurationName = Release;
		};
		A8DE86D61CB91F49002BDD7A /* Build configuration list for PBXNativeTarget "OnTheMap" */ = {
			isa = XCConfigurationList;
			buildConfigurations = (
				A8DE86D71CB91F49002BDD7A /* Debug */,
				A8DE86D81CB91F49002BDD7A /* Release */,
			);
			defaultConfigurationIsVisible = 0;
			defaultConfigurationName = Release;
		};
		A8DE86D91CB91F49002BDD7A /* Build configuration list for PBXNativeTarget "OnTheMapTests" */ = {
			isa = XCConfigurationList;
			buildConfigurations = (
				A8DE86DA1CB91F49002BDD7A /* Debug */,
				A8DE86DB1CB91F49002BDD7A /* Release */,
			);
			defaultConfigurationIsVisible = 0;
			defaultConfigurationName = Release;
		};
		A8DE86DC1CB91F49002BDD7A /* Build configuration list for PBXNativeTarget "OnTheMapUITests" */ = {
			isa = XCConfigurationList;
			buildConfigurations = (
				A8DE86DD1CB91F49002BDD7A /* Debug */,
				A8DE86DE1CB91F49002BDD7A /* Release */,
			);
			defaultConfigurationIsVisible = 0;
			defaultConfigurationName = Release;
		};
/* End XCConfigurationList section */
	};
	rootObject = A8DE86A41CB91F49002BDD7A /* Project object */;
}
